
Microsoft Visual Studio Solution File, Format Version 12.00
# Visual Studio Version 17
VisualStudioVersion = 17.4.33205.214
MinimumVisualStudioVersion = 10.0.40219.1
Project("{FAE04EC0-301F-11D3-BF4B-00C04F79EFBC}") = "Web.LifePos.Tests", "LifePos\Web.LifePos.Tests.csproj", "{6126C80F-7102-483C-8B4F-86F1A0A968B5}"
EndProject
Global
	GlobalSection(SolutionConfigurationPlatforms) = preSolution
		Debug|Any CPU = Debug|Any CPU
		Release|Any CPU = Release|Any CPU
	EndGlobalSection
	GlobalSection(ProjectConfigurationPlatforms) = postSolution
		{6126C80F-7102-483C-8B4F-86F1A0A968B5}.Debug|Any CPU.ActiveCfg = Debug|Any CPU
		{6126C80F-7102-483C-8B4F-86F1A0A968B5}.Debug|Any CPU.Build.0 = Debug|Any CPU
		{6126C80F-7102-483C-8B4F-86F1A0A968B5}.Release|Any CPU.ActiveCfg = Release|Any CPU
		{6126C80F-7102-483C-8B4F-86F1A0A968B5}.Release|Any CPU.Build.0 = Release|Any CPU
	EndGlobalSection
	GlobalSection(SolutionProperties) = preSolution
		HideSolutionNode = FALSE
	EndGlobalSection
	GlobalSection(ExtensibilityGlobals) = postSolution
		SolutionGuid = {57BED020-DDA1-4E6E-AAFA-9D09EBDE6050}
	EndGlobalSection
EndGlobal
